
Microsoft Visual Studio Solution File, Format Version 12.00
# Visual Studio 15
VisualStudioVersion = 15.0.28307.757
MinimumVisualStudioVersion = 10.0.40219.1
Project("{FAE04EC0-301F-11D3-BF4B-00C04F79EFBC}") = "csharp implementation aura", "csharp implementation aura\csharp implementation aura.csproj", "{C49953F7-2F57-4A65-84C4-FA57A5269120}"
EndProject
Global
	GlobalSection(SolutionConfigurationPlatforms) = preSolution
		Debug|Any CPU = Debug|Any CPU
		Release|Any CPU = Release|Any CPU
	EndGlobalSection
	GlobalSection(ProjectConfigurationPlatforms) = postSolution
		{C49953F7-2F57-4A65-84C4-FA57A5269120}.Debug|Any CPU.ActiveCfg = Debug|Any CPU
		{C49953F7-2F57-4A65-84C4-FA57A5269120}.Debug|Any CPU.Build.0 = Debug|Any CPU
		{C49953F7-2F57-4A65-84C4-FA57A5269120}.Release|Any CPU.ActiveCfg = Release|Any CPU
		{C49953F7-2F57-4A65-84C4-FA57A5269120}.Release|Any CPU.Build.0 = Release|Any CPU
	EndGlobalSection
	GlobalSection(SolutionProperties) = preSolution
		HideSolutionNode = FALSE
	EndGlobalSection
	GlobalSection(ExtensibilityGlobals) = postSolution
		SolutionGuid = {C796098A-7662-4733-855D-1E6A3165623E}
	EndGlobalSection
EndGlobal
